
Microsoft Visual Studio Solution File, Format Version 12.00
# Visual Studio Version 16
VisualStudioVersion = 16.0.31321.278
MinimumVisualStudioVersion = 10.0.40219.1
Project("{2150E333-8FDC-42A3-9474-1A3956D46DE8}") = "Services", "Services", "{D48822DF-C1D0-4B3A-BDD0-2B1CDEDD78EB}"
EndProject
Project("{2150E333-8FDC-42A3-9474-1A3956D46DE8}") = "Catalog", "Catalog", "{7C00CDD3-7069-4EC9-8DC8-9F35A6B271E2}"
EndProject
Project("{9A19103F-16F7-4668-BE54-9A1E7A4F7556}") = "Catalog.API", "Services\Catalog\Catalog.API\Catalog.API.csproj", "{A46B07B9-5283-43A1-90C4-3C4DA23CEED5}"
EndProject
Project("{E53339B2-1760-4266-BCC7-CA923CBCF16C}") = "docker-compose", "docker-compose.dcproj", "{F35010A5-BDED-4200-8C6B-2963F9A9DB21}"
EndProject
Project("{2150E333-8FDC-42A3-9474-1A3956D46DE8}") = "Basket", "Basket", "{F5BDCBC1-9E8C-4DFF-B934-B8F0EB385DBF}"
EndProject
Project("{9A19103F-16F7-4668-BE54-9A1E7A4F7556}") = "Basket.API", "Services\Basket\Basket.API\Basket.API.csproj", "{8305882A-0AA4-4A82-B302-0A9809D49C1A}"
EndProject
Project("{2150E333-8FDC-42A3-9474-1A3956D46DE8}") = "Discount", "Discount", "{010224B0-9779-4405-93C8-B98D7CE786DE}"
EndProject
Project("{9A19103F-16F7-4668-BE54-9A1E7A4F7556}") = "Discount.API", "Services\Discount\Discount.API\Discount.API.csproj", "{0309F163-B5FB-48AD-9A9E-11C36747CF78}"
EndProject
Project("{9A19103F-16F7-4668-BE54-9A1E7A4F7556}") = "Discount.Grpc", "Services\Discount\Discount.Grpc\Discount.Grpc.csproj", "{A70F5ED5-BCB0-4741-90FE-A0E3BF03751D}"
EndProject
Project("{2150E333-8FDC-42A3-9474-1A3956D46DE8}") = "Ordering", "Ordering", "{0FBD21BF-243E-432F-9E34-172E3C64CB56}"
EndProject
Project("{9A19103F-16F7-4668-BE54-9A1E7A4F7556}") = "Ordering.API", "Services\Ordering\Ordering.API\Ordering.API.csproj", "{DA8054A6-3D3E-4032-8C8B-4E4A8F6B9C8E}"
EndProject
Project("{9A19103F-16F7-4668-BE54-9A1E7A4F7556}") = "Ordering.Domain", "Services\Ordering\Ordering.Domain\Ordering.Domain.csproj", "{9A952E48-DD36-4EB7-9C87-88643A3E855D}"
EndProject
Project("{9A19103F-16F7-4668-BE54-9A1E7A4F7556}") = "Ordering.Application", "Services\Ordering\Ordering.Application\Ordering.Application.csproj", "{1FA5FD7B-3F89-40E3-AC3E-55FE23EB9703}"
EndProject
Project("{9A19103F-16F7-4668-BE54-9A1E7A4F7556}") = "Ordering.Infrastructure", "Services\Ordering\Ordering.Infrastructure\Ordering.Infrastructure.csproj", "{64F1DB4E-E91E-4947-816F-6BB041979F92}"
EndProject
Project("{2150E333-8FDC-42A3-9474-1A3956D46DE8}") = "ApiGateways", "ApiGateways", "{045B26E3-8AEF-4E8C-A42C-DB6E27BE0E72}"
EndProject
Project("{FAE04EC0-301F-11D3-BF4B-00C04F79EFBC}") = "OcelotApiGw", "ApiGateways\OcelotApiGw\OcelotApiGw.csproj", "{9D795272-2E00-401D-A107-B5C6554CB3BC}"
EndProject
Project("{FAE04EC0-301F-11D3-BF4B-00C04F79EFBC}") = "Shopping.Aggregator", "ApiGateways\Shopping.Aggregator\Shopping.Aggregator.csproj", "{6C53B7D8-6EDD-4A25-9E37-6012724A3DD6}"
EndProject
Project("{2150E333-8FDC-42A3-9474-1A3956D46DE8}") = "BuildingBlocks", "BuildingBlocks", "{25CC0AC4-7BFA-440E-B50E-2386095FD3A4}"
EndProject
Project("{FAE04EC0-301F-11D3-BF4B-00C04F79EFBC}") = "EventBus.Messages", "BuildingBlocks\EventBus.Messages\EventBus.Messages.csproj", "{2B8CEE9B-7C47-435E-8902-DC5F7978B249}"
EndProject
Project("{2150E333-8FDC-42A3-9474-1A3956D46DE8}") = "WebApps", "WebApps", "{9800C8CB-65DB-46D9-B1FD-C8F4D072CA68}"
EndProject
Global
	GlobalSection(SolutionConfigurationPlatforms) = preSolution
		Debug|Any CPU = Debug|Any CPU
		Release|Any CPU = Release|Any CPU
	EndGlobalSection
	GlobalSection(ProjectConfigurationPlatforms) = postSolution
		{A46B07B9-5283-43A1-90C4-3C4DA23CEED5}.Debug|Any CPU.ActiveCfg = Debug|Any CPU
		{A46B07B9-5283-43A1-90C4-3C4DA23CEED5}.Debug|Any CPU.Build.0 = Debug|Any CPU
		{A46B07B9-5283-43A1-90C4-3C4DA23CEED5}.Release|Any CPU.ActiveCfg = Release|Any CPU
		{A46B07B9-5283-43A1-90C4-3C4DA23CEED5}.Release|Any CPU.Build.0 = Release|Any CPU
		{F35010A5-BDED-4200-8C6B-2963F9A9DB21}.Debug|Any CPU.ActiveCfg = Debug|Any CPU
		{F35010A5-BDED-4200-8C6B-2963F9A9DB21}.Debug|Any CPU.Build.0 = Debug|Any CPU
		{F35010A5-BDED-4200-8C6B-2963F9A9DB21}.Release|Any CPU.ActiveCfg = Release|Any CPU
		{F35010A5-BDED-4200-8C6B-2963F9A9DB21}.Release|Any CPU.Build.0 = Release|Any CPU
		{8305882A-0AA4-4A82-B302-0A9809D49C1A}.Debug|Any CPU.ActiveCfg = Debug|Any CPU
		{8305882A-0AA4-4A82-B302-0A9809D49C1A}.Debug|Any CPU.Build.0 = Debug|Any CPU
		{8305882A-0AA4-4A82-B302-0A9809D49C1A}.Release|Any CPU.ActiveCfg = Release|Any CPU
		{8305882A-0AA4-4A82-B302-0A9809D49C1A}.Release|Any CPU.Build.0 = Release|Any CPU
		{0309F163-B5FB-48AD-9A9E-11C36747CF78}.Debug|Any CPU.ActiveCfg = Debug|Any CPU
		{0309F163-B5FB-48AD-9A9E-11C36747CF78}.Debug|Any CPU.Build.0 = Debug|Any CPU
		{0309F163-B5FB-48AD-9A9E-11C36747CF78}.Release|Any CPU.ActiveCfg = Release|Any CPU
		{0309F163-B5FB-48AD-9A9E-11C36747CF78}.Release|Any CPU.Build.0 = Release|Any CPU
		{A70F5ED5-BCB0-4741-90FE-A0E3BF03751D}.Debug|Any CPU.ActiveCfg = Debug|Any CPU
		{A70F5ED5-BCB0-4741-90FE-A0E3BF03751D}.Debug|Any CPU.Build.0 = Debug|Any CPU
		{A70F5ED5-BCB0-4741-90FE-A0E3BF03751D}.Release|Any CPU.ActiveCfg = Release|Any CPU
		{A70F5ED5-BCB0-4741-90FE-A0E3BF03751D}.Release|Any CPU.Build.0 = Release|Any CPU
		{DA8054A6-3D3E-4032-8C8B-4E4A8F6B9C8E}.Debug|Any CPU.ActiveCfg = Debug|Any CPU
		{DA8054A6-3D3E-4032-8C8B-4E4A8F6B9C8E}.Debug|Any CPU.Build.0 = Debug|Any CPU
		{DA8054A6-3D3E-4032-8C8B-4E4A8F6B9C8E}.Release|Any CPU.ActiveCfg = Release|Any CPU
		{DA8054A6-3D3E-4032-8C8B-4E4A8F6B9C8E}.Release|Any CPU.Build.0 = Release|Any CPU
		{9A952E48-DD36-4EB7-9C87-88643A3E855D}.Debug|Any CPU.ActiveCfg = Debug|Any CPU
		{9A952E48-DD36-4EB7-9C87-88643A3E855D}.Debug|Any CPU.Build.0 = Debug|Any CPU
		{9A952E48-DD36-4EB7-9C87-88643A3E855D}.Release|Any CPU.ActiveCfg = Release|Any CPU
		{9A952E48-DD36-4EB7-9C87-88643A3E855D}.Release|Any CPU.Build.0 = Release|Any CPU
		{1FA5FD7B-3F89-40E3-AC3E-55FE23EB9703}.Debug|Any CPU.ActiveCfg = Debug|Any CPU
		{1FA5FD7B-3F89-40E3-AC3E-55FE23EB9703}.Debug|Any CPU.Build.0 = Debug|Any CPU
		{1FA5FD7B-3F89-40E3-AC3E-55FE23EB9703}.Release|Any CPU.ActiveCfg = Release|Any CPU
		{1FA5FD7B-3F89-40E3-AC3E-55FE23EB9703}.Release|Any CPU.Build.0 = Release|Any CPU
		{64F1DB4E-E91E-4947-816F-6BB041979F92}.Debug|Any CPU.ActiveCfg = Debug|Any CPU
		{64F1DB4E-E91E-4947-816F-6BB041979F92}.Debug|Any CPU.Build.0 = Debug|Any CPU
		{64F1DB4E-E91E-4947-816F-6BB041979F92}.Release|Any CPU.ActiveCfg = Release|Any CPU
		{64F1DB4E-E91E-4947-816F-6BB041979F92}.Release|Any CPU.Build.0 = Release|Any CPU
		{9D795272-2E00-401D-A107-B5C6554CB3BC}.Debug|Any CPU.ActiveCfg = Debug|Any CPU
		{9D795272-2E00-401D-A107-B5C6554CB3BC}.Debug|Any CPU.Build.0 = Debug|Any CPU
		{9D795272-2E00-401D-A107-B5C6554CB3BC}.Release|Any CPU.ActiveCfg = Release|Any CPU
		{9D795272-2E00-401D-A107-B5C6554CB3BC}.Release|Any CPU.Build.0 = Release|Any CPU
		{6C53B7D8-6EDD-4A25-9E37-6012724A3DD6}.Debug|Any CPU.ActiveCfg = Debug|Any CPU
		{6C53B7D8-6EDD-4A25-9E37-6012724A3DD6}.Debug|Any CPU.Build.0 = Debug|Any CPU
		{6C53B7D8-6EDD-4A25-9E37-6012724A3DD6}.Release|Any CPU.ActiveCfg = Release|Any CPU
		{6C53B7D8-6EDD-4A25-9E37-6012724A3DD6}.Release|Any CPU.Build.0 = Release|Any CPU
		{2B8CEE9B-7C47-435E-8902-DC5F7978B249}.Debug|Any CPU.ActiveCfg = Debug|Any CPU
		{2B8CEE9B-7C47-435E-8902-DC5F7978B249}.Debug|Any CPU.Build.0 = Debug|Any CPU
		{2B8CEE9B-7C47-435E-8902-DC5F7978B249}.Release|Any CPU.ActiveCfg = Release|Any CPU
		{2B8CEE9B-7C47-435E-8902-DC5F7978B249}.Release|Any CPU.Build.0 = Release|Any CPU
	EndGlobalSection
	GlobalSection(SolutionProperties) = preSolution
		HideSolutionNode = FALSE
	EndGlobalSection
	GlobalSection(NestedProjects) = preSolution
		{7C00CDD3-7069-4EC9-8DC8-9F35A6B271E2} = {D48822DF-C1D0-4B3A-BDD0-2B1CDEDD78EB}
		{A46B07B9-5283-43A1-90C4-3C4DA23CEED5} = {7C00CDD3-7069-4EC9-8DC8-9F35A6B271E2}
		{F5BDCBC1-9E8C-4DFF-B934-B8F0EB385DBF} = {D48822DF-C1D0-4B3A-BDD0-2B1CDEDD78EB}
		{8305882A-0AA4-4A82-B302-0A9809D49C1A} = {F5BDCBC1-9E8C-4DFF-B934-B8F0EB385DBF}
		{010224B0-9779-4405-93C8-B98D7CE786DE} = {D48822DF-C1D0-4B3A-BDD0-2B1CDEDD78EB}
		{0309F163-B5FB-48AD-9A9E-11C36747CF78} = {010224B0-9779-4405-93C8-B98D7CE786DE}
		{A70F5ED5-BCB0-4741-90FE-A0E3BF03751D} = {010224B0-9779-4405-93C8-B98D7CE786DE}
		{0FBD21BF-243E-432F-9E34-172E3C64CB56} = {D48822DF-C1D0-4B3A-BDD0-2B1CDEDD78EB}
		{DA8054A6-3D3E-4032-8C8B-4E4A8F6B9C8E} = {0FBD21BF-243E-432F-9E34-172E3C64CB56}
		{9A952E48-DD36-4EB7-9C87-88643A3E855D} = {0FBD21BF-243E-432F-9E34-172E3C64CB56}
		{1FA5FD7B-3F89-40E3-AC3E-55FE23EB9703} = {0FBD21BF-243E-432F-9E34-172E3C64CB56}
		{64F1DB4E-E91E-4947-816F-6BB041979F92} = {0FBD21BF-243E-432F-9E34-172E3C64CB56}
		{9D795272-2E00-401D-A107-B5C6554CB3BC} = {045B26E3-8AEF-4E8C-A42C-DB6E27BE0E72}
		{6C53B7D8-6EDD-4A25-9E37-6012724A3DD6} = {045B26E3-8AEF-4E8C-A42C-DB6E27BE0E72}
		{2B8CEE9B-7C47-435E-8902-DC5F7978B249} = {25CC0AC4-7BFA-440E-B50E-2386095FD3A4}
	EndGlobalSection
	GlobalSection(ExtensibilityGlobals) = postSolution
		SolutionGuid = {5AA28064-F8E7-4943-B7DF-277C69C91989}
	EndGlobalSection
EndGlobal
